
Microsoft Visual Studio Solution File, Format Version 12.00
# Visual Studio Version 17
VisualStudioVersion = 17.0.31903.59
MinimumVisualStudioVersion = 10.0.40219.1
Project("{2150E333-8FDC-42A3-9474-1A3956D46DE8}") = "src", "src", "{827E0CD3-B72D-47B6-A68D-7590B98EB39B}"
EndProject
Project("{FAE04EC0-301F-11D3-BF4B-00C04F79EFBC}") = "PanamaTravelHub.Domain", "src\PanamaTravelHub.Domain\PanamaTravelHub.Domain.csproj", "{83501335-A64D-4FF3-A94D-0C825AEDB701}"
EndProject
Project("{FAE04EC0-301F-11D3-BF4B-00C04F79EFBC}") = "PanamaTravelHub.Application", "src\PanamaTravelHub.Application\PanamaTravelHub.Application.csproj", "{DCB09AA2-3544-4DBE-BD41-51030BB9D51A}"
EndProject
Project("{FAE04EC0-301F-11D3-BF4B-00C04F79EFBC}") = "PanamaTravelHub.Infrastructure", "src\PanamaTravelHub.Infrastructure\PanamaTravelHub.Infrastructure.csproj", "{24FDAC59-A440-4ADD-A7E4-B84F49124A48}"
EndProject
Project("{FAE04EC0-301F-11D3-BF4B-00C04F79EFBC}") = "PanamaTravelHub.API", "src\PanamaTravelHub.API\PanamaTravelHub.API.csproj", "{1B4CD757-1E25-4C01-A157-52DCA315D810}"
EndProject
Global
	GlobalSection(SolutionConfigurationPlatforms) = preSolution
		Debug|Any CPU = Debug|Any CPU
		Debug|x64 = Debug|x64
		Debug|x86 = Debug|x86
		Release|Any CPU = Release|Any CPU
		Release|x64 = Release|x64
		Release|x86 = Release|x86
	EndGlobalSection
	GlobalSection(ProjectConfigurationPlatforms) = postSolution
		{83501335-A64D-4FF3-A94D-0C825AEDB701}.Debug|Any CPU.ActiveCfg = Debug|Any CPU
		{83501335-A64D-4FF3-A94D-0C825AEDB701}.Debug|Any CPU.Build.0 = Debug|Any CPU
		{83501335-A64D-4FF3-A94D-0C825AEDB701}.Debug|x64.ActiveCfg = Debug|Any CPU
		{83501335-A64D-4FF3-A94D-0C825AEDB701}.Debug|x64.Build.0 = Debug|Any CPU
		{83501335-A64D-4FF3-A94D-0C825AEDB701}.Debug|x86.ActiveCfg = Debug|Any CPU
		{83501335-A64D-4FF3-A94D-0C825AEDB701}.Debug|x86.Build.0 = Debug|Any CPU
		{83501335-A64D-4FF3-A94D-0C825AEDB701}.Release|Any CPU.ActiveCfg = Release|Any CPU
		{83501335-A64D-4FF3-A94D-0C825AEDB701}.Release|Any CPU.Build.0 = Release|Any CPU
		{83501335-A64D-4FF3-A94D-0C825AEDB701}.Release|x64.ActiveCfg = Release|Any CPU
		{83501335-A64D-4FF3-A94D-0C825AEDB701}.Release|x64.Build.0 = Release|Any CPU
		{83501335-A64D-4FF3-A94D-0C825AEDB701}.Release|x86.ActiveCfg = Release|Any CPU
		{83501335-A64D-4FF3-A94D-0C825AEDB701}.Release|x86.Build.0 = Release|Any CPU
		{DCB09AA2-3544-4DBE-BD41-51030BB9D51A}.Debug|Any CPU.ActiveCfg = Debug|Any CPU
		{DCB09AA2-3544-4DBE-BD41-51030BB9D51A}.Debug|Any CPU.Build.0 = Debug|Any CPU
		{DCB09AA2-3544-4DBE-BD41-51030BB9D51A}.Debug|x64.ActiveCfg = Debug|Any CPU
		{DCB09AA2-3544-4DBE-BD41-51030BB9D51A}.Debug|x64.Build.0 = Debug|Any CPU
		{DCB09AA2-3544-4DBE-BD41-51030BB9D51A}.Debug|x86.ActiveCfg = Debug|Any CPU
		{DCB09AA2-3544-4DBE-BD41-51030BB9D51A}.Debug|x86.Build.0 = Debug|Any CPU
		{DCB09AA2-3544-4DBE-BD41-51030BB9D51A}.Release|Any CPU.ActiveCfg = Release|Any CPU
		{DCB09AA2-3544-4DBE-BD41-51030BB9D51A}.Release|Any CPU.Build.0 = Release|Any CPU
		{DCB09AA2-3544-4DBE-BD41-51030BB9D51A}.Release|x64.ActiveCfg = Release|Any CPU
		{DCB09AA2-3544-4DBE-BD41-51030BB9D51A}.Release|x64.Build.0 = Release|Any CPU
		{DCB09AA2-3544-4DBE-BD41-51030BB9D51A}.Release|x86.ActiveCfg = Release|Any CPU
		{DCB09AA2-3544-4DBE-BD41-51030BB9D51A}.Release|x86.Build.0 = Release|Any CPU
		{24FDAC59-A440-4ADD-A7E4-B84F49124A48}.Debug|Any CPU.ActiveCfg = Debug|Any CPU
		{24FDAC59-A440-4ADD-A7E4-B84F49124A48}.Debug|Any CPU.Build.0 = Debug|Any CPU
		{24FDAC59-A440-4ADD-A7E4-B84F49124A48}.Debug|x64.ActiveCfg = Debug|Any CPU
		{24FDAC59-A440-4ADD-A7E4-B84F49124A48}.Debug|x64.Build.0 = Debug|Any CPU
		{24FDAC59-A440-4ADD-A7E4-B84F49124A48}.Debug|x86.ActiveCfg = Debug|Any CPU
		{24FDAC59-A440-4ADD-A7E4-B84F49124A48}.Debug|x86.Build.0 = Debug|Any CPU
		{24FDAC59-A440-4ADD-A7E4-B84F49124A48}.Release|Any CPU.ActiveCfg = Release|Any CPU
		{24FDAC59-A440-4ADD-A7E4-B84F49124A48}.Release|Any CPU.Build.0 = Release|Any CPU
		{24FDAC59-A440-4ADD-A7E4-B84F49124A48}.Release|x64.ActiveCfg = Release|Any CPU
		{24FDAC59-A440-4ADD-A7E4-B84F49124A48}.Release|x64.Build.0 = Release|Any CPU
		{24FDAC59-A440-4ADD-A7E4-B84F49124A48}.Release|x86.ActiveCfg = Release|Any CPU
		{24FDAC59-A440-4ADD-A7E4-B84F49124A48}.Release|x86.Build.0 = Release|Any CPU
		{1B4CD757-1E25-4C01-A157-52DCA315D810}.Debug|Any CPU.ActiveCfg = Debug|Any CPU
		{1B4CD757-1E25-4C01-A157-52DCA315D810}.Debug|Any CPU.Build.0 = Debug|Any CPU
		{1B4CD757-1E25-4C01-A157-52DCA315D810}.Debug|x64.ActiveCfg = Debug|Any CPU
		{1B4CD757-1E25-4C01-A157-52DCA315D810}.Debug|x64.Build.0 = Debug|Any CPU
		{1B4CD757-1E25-4C01-A157-52DCA315D810}.Debug|x86.ActiveCfg = Debug|Any CPU
		{1B4CD757-1E25-4C01-A157-52DCA315D810}.Debug|x86.Build.0 = Debug|Any CPU
		{1B4CD757-1E25-4C01-A157-52DCA315D810}.Release|Any CPU.ActiveCfg = Release|Any CPU
		{1B4CD757-1E25-4C01-A157-52DCA315D810}.Release|Any CPU.Build.0 = Release|Any CPU
		{1B4CD757-1E25-4C01-A157-52DCA315D810}.Release|x64.ActiveCfg = Release|Any CPU
		{1B4CD757-1E25-4C01-A157-52DCA315D810}.Release|x64.Build.0 = Release|Any CPU
		{1B4CD757-1E25-4C01-A157-52DCA315D810}.Release|x86.ActiveCfg = Release|Any CPU
		{1B4CD757-1E25-4C01-A157-52DCA315D810}.Release|x86.Build.0 = Release|Any CPU
	EndGlobalSection
	GlobalSection(SolutionProperties) = preSolution
		HideSolutionNode = FALSE
	EndGlobalSection
	GlobalSection(NestedProjects) = preSolution
		{83501335-A64D-4FF3-A94D-0C825AEDB701} = {827E0CD3-B72D-47B6-A68D-7590B98EB39B}
		{DCB09AA2-3544-4DBE-BD41-51030BB9D51A} = {827E0CD3-B72D-47B6-A68D-7590B98EB39B}
		{24FDAC59-A440-4ADD-A7E4-B84F49124A48} = {827E0CD3-B72D-47B6-A68D-7590B98EB39B}
		{1B4CD757-1E25-4C01-A157-52DCA315D810} = {827E0CD3-B72D-47B6-A68D-7590B98EB39B}
	EndGlobalSection
EndGlobal
